// !$*UTF8*$!
{
	archiveVersion = 1;
	classes = {
	};
	objectVersion = 55;
	objects = {

/* Begin PBXBuildFile section */
		8DD9B91227E52F8E0014AE39 /* ProfileView.swift in Sources */ = {isa = PBXBuildFile; fileRef = 8DD9B91127E52F8E0014AE39 /* ProfileView.swift */; };
		8DD9B91427E617F00014AE39 /* Profile.storyboard in Resources */ = {isa = PBXBuildFile; fileRef = 8DD9B91327E617F00014AE39 /* Profile.storyboard */; };
		8DD9B91627E618150014AE39 /* ProfileViewController.swift in Sources */ = {isa = PBXBuildFile; fileRef = 8DD9B91527E618150014AE39 /* ProfileViewController.swift */; };
		8DF37D6A27DCF2A80094E5C6 /* AppDelegate.swift in Sources */ = {isa = PBXBuildFile; fileRef = 8DF37D6927DCF2A80094E5C6 /* AppDelegate.swift */; };
		8DF37D6C27DCF2A80094E5C6 /* SceneDelegate.swift in Sources */ = {isa = PBXBuildFile; fileRef = 8DF37D6B27DCF2A80094E5C6 /* SceneDelegate.swift */; };
		8DF37D6E27DCF2A80094E5C6 /* ViewController.swift in Sources */ = {isa = PBXBuildFile; fileRef = 8DF37D6D27DCF2A80094E5C6 /* ViewController.swift */; };
		8DF37D7127DCF2A80094E5C6 /* Main.storyboard in Resources */ = {isa = PBXBuildFile; fileRef = 8DF37D6F27DCF2A80094E5C6 /* Main.storyboard */; };
		8DF37D7327DCF2A80094E5C6 /* Assets.xcassets in Resources */ = {isa = PBXBuildFile; fileRef = 8DF37D7227DCF2A80094E5C6 /* Assets.xcassets */; };
		8DF37D7627DCF2A80094E5C6 /* LaunchScreen.storyboard in Resources */ = {isa = PBXBuildFile; fileRef = 8DF37D7427DCF2A80094E5C6 /* LaunchScreen.storyboard */; };
		8DF37D8227DCF7F10094E5C6 /* ProfileView.xib in Resources */ = {isa = PBXBuildFile; fileRef = 8DF37D8127DCF7F10094E5C6 /* ProfileView.xib */; };
/* End PBXBuildFile section */

/* Begin PBXFileReference section */
		8DD9B91127E52F8E0014AE39 /* ProfileView.swift */ = {isa = PBXFileReference; lastKnownFileType = sourcecode.swift; path = ProfileView.swift; sourceTree = "<group>"; };
		8DD9B91327E617F00014AE39 /* Profile.storyboard */ = {isa = PBXFileReference; lastKnownFileType = file.storyboard; path = Profile.storyboard; sourceTree = "<group>"; };
		8DD9B91527E618150014AE39 /* ProfileViewController.swift */ = {isa = PBXFileReference; lastKnownFileType = sourcecode.swift; path = ProfileViewController.swift; sourceTree = "<group>"; };
		8DF37D6627DCF2A80094E5C6 /* Netology_IB_Instruments'.app */ = {isa = PBXFileReference; explicitFileType = wrapper.application; includeInIndex = 0; path = "Netology_IB_Instruments'.app"; sourceTree = BUILT_PRODUCTS_DIR; };
		8DF37D6927DCF2A80094E5C6 /* AppDelegate.swift */ = {isa = PBXFileReference; lastKnownFileType = sourcecode.swift; path = AppDelegate.swift; sourceTree = "<group>"; };
		8DF37D6B27DCF2A80094E5C6 /* SceneDelegate.swift */ = {isa = PBXFileReference; lastKnownFileType = sourcecode.swift; path = SceneDelegate.swift; sourceTree = "<group>"; };
		8DF37D6D27DCF2A80094E5C6 /* ViewController.swift */ = {isa = PBXFileReference; lastKnownFileType = sourcecode.swift; path = ViewController.swift; sourceTree = "<group>"; };
		8DF37D7027DCF2A80094E5C6 /* Base */ = {isa = PBXFileReference; lastKnownFileType = file.storyboard; name = Base; path = Base.lproj/Main.storyboard; sourceTree = "<group>"; };
		8DF37D7227DCF2A80094E5C6 /* Assets.xcassets */ = {isa = PBXFileReference; lastKnownFileType = folder.assetcatalog; path = Assets.xcassets; sourceTree = "<group>"; };
		8DF37D7527DCF2A80094E5C6 /* Base */ = {isa = PBXFileReference; lastKnownFileType = file.storyboard; name = Base; path = Base.lproj/LaunchScreen.storyboard; sourceTree = "<group>"; };
		8DF37D7727DCF2A80094E5C6 /* Info.plist */ = {isa = PBXFileReference; lastKnownFileType = text.plist.xml; path = Info.plist; sourceTree = "<group>"; };
		8DF37D8127DCF7F10094E5C6 /* ProfileView.xib */ = {isa = PBXFileReference; lastKnownFileType = file.xib; path = ProfileView.xib; sourceTree = "<group>"; };
/* End PBXFileReference section */

/* Begin PBXFrameworksBuildPhase section */
		8DF37D6327DCF2A80094E5C6 /* Frameworks */ = {
			isa = PBXFrameworksBuildPhase;
			buildActionMask = 2147483647;
			files = (
			);
			runOnlyForDeploymentPostprocessing = 0;
		};
/* End PBXFrameworksBuildPhase section */

/* Begin PBXGroup section */
		8DF37D5D27DCF2A80094E5C6 = {
			isa = PBXGroup;
			children = (
				8DF37D6827DCF2A80094E5C6 /* Netology_IB_Instruments' */,
				8DF37D6727DCF2A80094E5C6 /* Products */,
			);
			sourceTree = "<group>";
		};
		8DF37D6727DCF2A80094E5C6 /* Products */ = {
			isa = PBXGroup;
			children = (
				8DF37D6627DCF2A80094E5C6 /* Netology_IB_Instruments'.app */,
			);
			name = Products;
			sourceTree = "<group>";
		};
		8DF37D6827DCF2A80094E5C6 /* Netology_IB_Instruments' */ = {
			isa = PBXGroup;
			children = (
				8DF37D6927DCF2A80094E5C6 /* AppDelegate.swift */,
				8DF37D6B27DCF2A80094E5C6 /* SceneDelegate.swift */,
				8DF37D6D27DCF2A80094E5C6 /* ViewController.swift */,
				8DF37D6F27DCF2A80094E5C6 /* Main.storyboard */,
				8DF37D7227DCF2A80094E5C6 /* Assets.xcassets */,
				8DF37D7427DCF2A80094E5C6 /* LaunchScreen.storyboard */,
				8DF37D7727DCF2A80094E5C6 /* Info.plist */,
				8DF37D8127DCF7F10094E5C6 /* ProfileView.xib */,
				8DD9B91127E52F8E0014AE39 /* ProfileView.swift */,
				8DD9B91327E617F00014AE39 /* Profile.storyboard */,
				8DD9B91527E618150014AE39 /* ProfileViewController.swift */,
			);
			path = "Netology_IB_Instruments'";
			sourceTree = "<group>";
		};
/* End PBXGroup section */

/* Begin PBXNativeTarget section */
		8DF37D6527DCF2A80094E5C6 /* Netology_IB_Instruments' */ = {
			isa = PBXNativeTarget;
			buildConfigurationList = 8DF37D7A27DCF2A80094E5C6 /* Build configuration list for PBXNativeTarget "Netology_IB_Instruments'" */;
			buildPhases = (
				8DF37D6227DCF2A80094E5C6 /* Sources */,
				8DF37D6327DCF2A80094E5C6 /* Frameworks */,
				8DF37D6427DCF2A80094E5C6 /* Resources */,
			);
			buildRules = (
			);
			dependencies = (
			);
			name = "Netology_IB_Instruments'";
			productName = "Netology_IB_Instruments'";
			productReference = 8DF37D6627DCF2A80094E5C6 /* Netology_IB_Instruments'.app */;
			productType = "com.apple.product-type.application";
		};
/* End PBXNativeTarget section */

/* Begin PBXProject section */
		8DF37D5E27DCF2A80094E5C6 /* Project object */ = {
			isa = PBXProject;
			attributes = {
				BuildIndependentTargetsInParallel = 1;
				LastSwiftUpdateCheck = 1320;
				LastUpgradeCheck = 1320;
				TargetAttributes = {
					8DF37D6527DCF2A80094E5C6 = {
						CreatedOnToolsVersion = 13.2.1;
					};
				};
			};
			buildConfigurationList = 8DF37D6127DCF2A80094E5C6 /* Build configuration list for PBXProject "Netology_IB_Instruments'" */;
			compatibilityVersion = "Xcode 13.0";
			developmentRegion = en;
			hasScannedForEncodings = 0;
			knownRegions = (
				en,
				Base,
			);
			mainGroup = 8DF37D5D27DCF2A80094E5C6;
			productRefGroup = 8DF37D6727DCF2A80094E5C6 /* Products */;
			projectDirPath = "";
			projectRoot = "";
			targets = (
				8DF37D6527DCF2A80094E5C6 /* Netology_IB_Instruments' */,
			);
		};
/* End PBXProject section */

/* Begin PBXResourcesBuildPhase section */
		8DF37D6427DCF2A80094E5C6 /* Resources */ = {
			isa = PBXResourcesBuildPhase;
			buildActionMask = 2147483647;
			files = (
				8DF37D8227DCF7F10094E5C6 /* ProfileView.xib in Resources */,
				8DF37D7627DCF2A80094E5C6 /* LaunchScreen.storyboard in Resources */,
				8DD9B91427E617F00014AE39 /* Profile.storyboard in Resources */,
				8DF37D7327DCF2A80094E5C6 /* Assets.xcassets in Resources */,
				8DF37D7127DCF2A80094E5C6 /* Main.storyboard in Resources */,
			);
			runOnlyForDeploymentPostprocessing = 0;
		};
/* End PBXResourcesBuildPhase section */

/* Begin PBXSourcesBuildPhase section */
		8DF37D6227DCF2A80094E5C6 /* Sources */ = {
			isa = PBXSourcesBuildPhase;
			buildActionMask = 2147483647;
			files = (
				8DD9B91227E52F8E0014AE39 /* ProfileView.swift in Sources */,
				8DF37D6E27DCF2A80094E5C6 /* ViewController.swift in Sources */,
				8DD9B91627E618150014AE39 /* ProfileViewController.swift in Sources */,
				8DF37D6A27DCF2A80094E5C6 /* AppDelegate.swift in Sources */,
				8DF37D6C27DCF2A80094E5C6 /* SceneDelegate.swift in Sources */,
			);
			runOnlyForDeploymentPostprocessing = 0;
		};
/* End PBXSourcesBuildPhase section */

/* Begin PBXVariantGroup section */
		8DF37D6F27DCF2A80094E5C6 /* Main.storyboard */ = {
			isa = PBXVariantGroup;
			children = (
				8DF37D7027DCF2A80094E5C6 /* Base */,
			);
			name = Main.storyboard;
			sourceTree = "<group>";
		};
		8DF37D7427DCF2A80094E5C6 /* LaunchScreen.storyboard */ = {
			isa = PBXVariantGroup;
			children = (
				8DF37D7527DCF2A80094E5C6 /* Base */,
			);
			name = LaunchScreen.storyboard;
			sourceTree = "<group>";
		};
/* End PBXVariantGroup section */

/* Begin XCBuildConfiguration section */
		8DF37D7827DCF2A80094E5C6 /* Debug */ = {
			isa = XCBuildConfiguration;
			buildSettings = {
				ALWAYS_SEARCH_USER_PATHS = NO;
				CLANG_ANALYZER_NONNULL = YES;
				CLANG_ANALYZER_NUMBER_OBJECT_CONVERSION = YES_AGGRESSIVE;
				CLANG_CXX_LANGUAGE_STANDARD = "gnu++17";
				CLANG_CXX_LIBRARY = "libc++";
				CLANG_ENABLE_MODULES = YES;
				CLANG_ENABLE_OBJC_ARC = YES;
				CLANG_ENABLE_OBJC_WEAK = YES;
				CLANG_WARN_BLOCK_CAPTURE_AUTORELEASING = YES;
				CLANG_WARN_BOOL_CONVERSION = YES;
				CLANG_WARN_COMMA = YES;
				CLANG_WARN_CONSTANT_CONVERSION = YES;
				CLANG_WARN_DEPRECATED_OBJC_IMPLEMENTATIONS = YES;
				CLANG_WARN_DIRECT_OBJC_ISA_USAGE = YES_ERROR;
				CLANG_WARN_DOCUMENTATION_COMMENTS = YES;
				CLANG_WARN_EMPTY_BODY = YES;
				CLANG_WARN_ENUM_CONVERSION = YES;
				CLANG_WARN_INFINITE_RECURSION = YES;
				CLANG_WARN_INT_CONVERSION = YES;
				CLANG_WARN_NON_LITERAL_NULL_CONVERSION = YES;
				CLANG_WARN_OBJC_IMPLICIT_RETAIN_SELF = YES;
				CLANG_WARN_OBJC_LITERAL_CONVERSION = YES;
				CLANG_WARN_OBJC_ROOT_CLASS = YES_ERROR;
				CLANG_WARN_QUOTED_INCLUDE_IN_FRAMEWORK_HEADER = YES;
				CLANG_WARN_RANGE_LOOP_ANALYSIS = YES;
				CLANG_WARN_STRICT_PROTOTYPES = YES;
				CLANG_WARN_SUSPICIOUS_MOVE = YES;
				CLANG_WARN_UNGUARDED_AVAILABILITY = YES_AGGRESSIVE;
				CLANG_WARN_UNREACHABLE_CODE = YES;
				CLANG_WARN__DUPLICATE_METHOD_MATCH = YES;
				COPY_PHASE_STRIP = NO;
				DEBUG_INFORMATION_FORMAT = dwarf;
				ENABLE_STRICT_OBJC_MSGSEND = YES;
				ENABLE_TESTABILITY = YES;
				GCC_C_LANGUAGE_STANDARD = gnu11;
				GCC_DYNAMIC_NO_PIC = NO;
				GCC_NO_COMMON_BLOCKS = YES;
				GCC_OPTIMIZATION_LEVEL = 0;
				GCC_PREPROCESSOR_DEFINITIONS = (
					"DEBUG=1",
					"$(inherited)",
				);
				GCC_WARN_64_TO_32_BIT_CONVERSION = YES;
				GCC_WARN_ABOUT_RETURN_TYPE = YES_ERROR;
				GCC_WARN_UNDECLARED_SELECTOR = YES;
				GCC_WARN_UNINITIALIZED_AUTOS = YES_AGGRESSIVE;
				GCC_WARN_UNUSED_FUNCTION = YES;
				GCC_WARN_UNUSED_VARIABLE = YES;
				IPHONEOS_DEPLOYMENT_TARGET = 15.2;
				MTL_ENABLE_DEBUG_INFO = INCLUDE_SOURCE;
				MTL_FAST_MATH = YES;
				ONLY_ACTIVE_ARCH = YES;
				SDKROOT = iphoneos;
				SWIFT_ACTIVE_COMPILATION_CONDITIONS = DEBUG;
				SWIFT_OPTIMIZATION_LEVEL = "-Onone";
			};
			name = Debug;
		};
		8DF37D7927DCF2A80094E5C6 /* Release */ = {
			isa = XCBuildConfiguration;
			buildSettings = {
				ALWAYS_SEARCH_USER_PATHS = NO;
				CLANG_ANALYZER_NONNULL = YES;
				CLANG_ANALYZER_NUMBER_OBJECT_CONVERSION = YES_AGGRESSIVE;
				CLANG_CXX_LANGUAGE_STANDARD = "gnu++17";
				CLANG_CXX_LIBRARY = "libc++";
				CLANG_ENABLE_MODULES = YES;
				CLANG_ENABLE_OBJC_ARC = YES;
				CLANG_ENABLE_OBJC_WEAK = YES;
				CLANG_WARN_BLOCK_CAPTURE_AUTORELEASING = YES;
				CLANG_WARN_BOOL_CONVERSION = YES;
				CLANG_WARN_COMMA = YES;
				CLANG_WARN_CONSTANT_CONVERSION = YES;
				CLANG_WARN_DEPRECATED_OBJC_IMPLEMENTATIONS = YES;
				CLANG_WARN_DIRECT_OBJC_ISA_USAGE = YES_ERROR;
				CLANG_WARN_DOCUMENTATION_COMMENTS = YES;
				CLANG_WARN_EMPTY_BODY = YES;
				CLANG_WARN_ENUM_CONVERSION = YES;
				CLANG_WARN_INFINITE_RECURSION = YES;
				CLANG_WARN_INT_CONVERSION = YES;
				CLANG_WARN_NON_LITERAL_NULL_CONVERSION = YES;
				CLANG_WARN_OBJC_IMPLICIT_RETAIN_SELF = YES;
				CLANG_WARN_OBJC_LITERAL_CONVERSION = YES;
				CLANG_WARN_OBJC_ROOT_CLASS = YES_ERROR;
				CLANG_WARN_QUOTED_INCLUDE_IN_FRAMEWORK_HEADER = YES;
				CLANG_WARN_RANGE_LOOP_ANALYSIS = YES;
				CLANG_WARN_STRICT_PROTOTYPES = YES;
				CLANG_WARN_SUSPICIOUS_MOVE = YES;
				CLANG_WARN_UNGUARDED_AVAILABILITY = YES_AGGRESSIVE;
				CLANG_WARN_UNREACHABLE_CODE = YES;
				CLANG_WARN__DUPLICATE_METHOD_MATCH = YES;
				COPY_PHASE_STRIP = NO;
				DEBUG_INFORMATION_FORMAT = "dwarf-with-dsym";
				ENABLE_NS_ASSERTIONS = NO;
				ENABLE_STRICT_OBJC_MSGSEND = YES;
				GCC_C_LANGUAGE_STANDARD = gnu11;
				GCC_NO_COMMON_BLOCKS = YES;
				GCC_WARN_64_TO_32_BIT_CONVERSION = YES;
				GCC_WARN_ABOUT_RETURN_TYPE = YES_ERROR;
				GCC_WARN_UNDECLARED_SELECTOR = YES;
				GCC_WARN_UNINITIALIZED_AUTOS = YES_AGGRESSIVE;
				GCC_WARN_UNUSED_FUNCTION = YES;
				GCC_WARN_UNUSED_VARIABLE = YES;
				IPHONEOS_DEPLOYMENT_TARGET = 15.2;
				MTL_ENABLE_DEBUG_INFO = NO;
				MTL_FAST_MATH = YES;
				SDKROOT = iphoneos;
				SWIFT_COMPILATION_MODE = wholemodule;
				SWIFT_OPTIMIZATION_LEVEL = "-O";
				VALIDATE_PRODUCT = YES;
			};
			name = Release;
		};
		8DF37D7B27DCF2A80094E5C6 /* Debug */ = {
			isa = XCBuildConfiguration;
			buildSettings = {
				ASSETCATALOG_COMPILER_APPICON_NAME = AppIcon;
				ASSETCATALOG_COMPILER_GLOBAL_ACCENT_COLOR_NAME = AccentColor;
				CODE_SIGN_STYLE = Automatic;
				CURRENT_PROJECT_VERSION = 1;
				GENERATE_INFOPLIST_FILE = YES;
				INFOPLIST_FILE = "Netology_IB_Instruments'/Info.plist";
				INFOPLIST_KEY_UIApplicationSupportsIndirectInputEvents = YES;
				INFOPLIST_KEY_UILaunchStoryboardName = Profile;
				INFOPLIST_KEY_UIMainStoryboardFile = Profile;
				INFOPLIST_KEY_UISupportedInterfaceOrientations_iPad = "UIInterfaceOrientationPortrait UIInterfaceOrientationPortraitUpsideDown UIInterfaceOrientationLandscapeLeft UIInterfaceOrientationLandscapeRight";
				INFOPLIST_KEY_UISupportedInterfaceOrientations_iPhone = "UIInterfaceOrientationPortrait UIInterfaceOrientationLandscapeLeft UIInterfaceOrientationLandscapeRight";
				LD_RUNPATH_SEARCH_PATHS = (
					"$(inherited)",
					"@executable_path/Frameworks",
				);
				MARKETING_VERSION = 1.0;
				PRODUCT_BUNDLE_IDENTIFIER = "com.ios-18.Netology-IB-Instruments-";
				PRODUCT_NAME = "$(TARGET_NAME)";
				SWIFT_EMIT_LOC_STRINGS = YES;
				SWIFT_VERSION = 5.0;
				TARGETED_DEVICE_FAMILY = 1;
			};
			name = Debug;
		};
		8DF37D7C27DCF2A80094E5C6 /* Release */ = {
			isa = XCBuildConfiguration;
			buildSettings = {
				ASSETCATALOG_COMPILER_APPICON_NAME = AppIcon;
				ASSETCATALOG_COMPILER_GLOBAL_ACCENT_COLOR_NAME = AccentColor;
				CODE_SIGN_STYLE = Automatic;
				CURRENT_PROJECT_VERSION = 1;
				GENERATE_INFOPLIST_FILE = YES;
				INFOPLIST_FILE = "Netology_IB_Instruments'/Info.plist";
				INFOPLIST_KEY_UIApplicationSupportsIndirectInputEvents = YES;
				INFOPLIST_KEY_UILaunchStoryboardName = Profile;
				INFOPLIST_KEY_UIMainStoryboardFile = Profile;
				INFOPLIST_KEY_UISupportedInterfaceOrientations_iPad = "UIInterfaceOrientationPortrait UIInterfaceOrientationPortraitUpsideDown UIInterfaceOrientationLandscapeLeft UIInterfaceOrientationLandscapeRight";
				INFOPLIST_KEY_UISupportedInterfaceOrientations_iPhone = "UIInterfaceOrientationPortrait UIInterfaceOrientationLandscapeLeft UIInterfaceOrientationLandscapeRight";
				LD_RUNPATH_SEARCH_PATHS = (
					"$(inherited)",
					"@executable_path/Frameworks",
				);
				MARKETING_VERSION = 1.0;
				PRODUCT_BUNDLE_IDENTIFIER = "com.ios-18.Netology-IB-Instruments-";
				PRODUCT_NAME = "$(TARGET_NAME)";
				SWIFT_EMIT_LOC_STRINGS = YES;
				SWIFT_VERSION = 5.0;
				TARGETED_DEVICE_FAMILY = 1;
			};
			name = Release;
		};
/* End XCBuildConfiguration section */

/* Begin XCConfigurationList section */
		8DF37D6127DCF2A80094E5C6 /* Build configuration list for PBXProject "Netology_IB_Instruments'" */ = {
			isa = XCConfigurationList;
			buildConfigurations = (
				8DF37D7827DCF2A80094E5C6 /* Debug */,
				8DF37D7927DCF2A80094E5C6 /* Release */,
			);
			defaultConfigurationIsVisible = 0;
			defaultConfigurationName = Release;
		};
		8DF37D7A27DCF2A80094E5C6 /* Build configuration list for PBXNativeTarget "Netology_IB_Instruments'" */ = {
			isa = XCConfigurationList;
			buildConfigurations = (
				8DF37D7B27DCF2A80094E5C6 /* Debug */,
				8DF37D7C27DCF2A80094E5C6 /* Release */,
			);
			defaultConfigurationIsVisible = 0;
			defaultConfigurationName = Release;
		};
/* End XCConfigurationList section */
	};
	rootObject = 8DF37D5E27DCF2A80094E5C6 /* Project object */;
}
